
Microsoft Visual Studio Solution File, Format Version 12.00
Project("{FAE04EC0-301F-11D3-BF4B-00C04F79EFBC}") = "CSharp30.09", "CSharp30.09.csproj", "{C3E529BF-FA1E-4706-B8DE-893B1E5DC06E}"
EndProject
Global
	GlobalSection(SolutionConfigurationPlatforms) = preSolution
		Debug|Any CPU = Debug|Any CPU
		Release|Any CPU = Release|Any CPU
	EndGlobalSection
	GlobalSection(ProjectConfigurationPlatforms) = postSolution
		{C3E529BF-FA1E-4706-B8DE-893B1E5DC06E}.Debug|Any CPU.ActiveCfg = Debug|Any CPU
		{C3E529BF-FA1E-4706-B8DE-893B1E5DC06E}.Debug|Any CPU.Build.0 = Debug|Any CPU
		{C3E529BF-FA1E-4706-B8DE-893B1E5DC06E}.Release|Any CPU.ActiveCfg = Release|Any CPU
		{C3E529BF-FA1E-4706-B8DE-893B1E5DC06E}.Release|Any CPU.Build.0 = Release|Any CPU
	EndGlobalSection
EndGlobal
